// !$*UTF8*$!
{
	archiveVersion = 1;
	classes = {
	};
	objectVersion = 50;
	objects = {

/* Begin PBXBuildFile section */
		BE48907B22351BA900B6E8BF /* AppDelegate.swift in Sources */ = {isa = PBXBuildFile; fileRef = BE48907A22351BA900B6E8BF /* AppDelegate.swift */; };
		BE48907D22351BA900B6E8BF /* ViewController.swift in Sources */ = {isa = PBXBuildFile; fileRef = BE48907C22351BA900B6E8BF /* ViewController.swift */; };
		BE48908022351BA900B6E8BF /* Main.storyboard in Resources */ = {isa = PBXBuildFile; fileRef = BE48907E22351BA900B6E8BF /* Main.storyboard */; };
		BE48908222351BAB00B6E8BF /* Assets.xcassets in Resources */ = {isa = PBXBuildFile; fileRef = BE48908122351BAB00B6E8BF /* Assets.xcassets */; };
		BE48908522351BAB00B6E8BF /* LaunchScreen.storyboard in Resources */ = {isa = PBXBuildFile; fileRef = BE48908322351BAB00B6E8BF /* LaunchScreen.storyboard */; };
		BE48908E223537A400B6E8BF /* myCollectionViewCell.swift in Sources */ = {isa = PBXBuildFile; fileRef = BE48908C223537A400B6E8BF /* myCollectionViewCell.swift */; };
		BE48908F223537A400B6E8BF /* myCollectionViewCell.xib in Resources */ = {isa = PBXBuildFile; fileRef = BE48908D223537A400B6E8BF /* myCollectionViewCell.xib */; };
/* End PBXBuildFile section */

/* Begin PBXFileReference section */
		BE48907722351BA900B6E8BF /* swift_02.app */ = {isa = PBXFileReference; explicitFileType = wrapper.application; includeInIndex = 0; path = swift_02.app; sourceTree = BUILT_PRODUCTS_DIR; };
		BE48907A22351BA900B6E8BF /* AppDelegate.swift */ = {isa = PBXFileReference; lastKnownFileType = sourcecode.swift; path = AppDelegate.swift; sourceTree = "<group>"; };
		BE48907C22351BA900B6E8BF /* ViewController.swift */ = {isa = PBXFileReference; lastKnownFileType = sourcecode.swift; path = ViewController.swift; sourceTree = "<group>"; };
		BE48907F22351BA900B6E8BF /* Base */ = {isa = PBXFileReference; lastKnownFileType = file.storyboard; name = Base; path = Base.lproj/Main.storyboard; sourceTree = "<group>"; };
		BE48908122351BAB00B6E8BF /* Assets.xcassets */ = {isa = PBXFileReference; lastKnownFileType = folder.assetcatalog; path = Assets.xcassets; sourceTree = "<group>"; };
		BE48908422351BAB00B6E8BF /* Base */ = {isa = PBXFileReference; lastKnownFileType = file.storyboard; name = Base; path = Base.lproj/LaunchScreen.storyboard; sourceTree = "<group>"; };
		BE48908622351BAB00B6E8BF /* Info.plist */ = {isa = PBXFileReference; lastKnownFileType = text.plist.xml; path = Info.plist; sourceTree = "<group>"; };
		BE48908C223537A400B6E8BF /* myCollectionViewCell.swift */ = {isa = PBXFileReference; lastKnownFileType = sourcecode.swift; path = myCollectionViewCell.swift; sourceTree = "<group>"; };
		BE48908D223537A400B6E8BF /* myCollectionViewCell.xib */ = {isa = PBXFileReference; lastKnownFileType = file.xib; path = myCollectionViewCell.xib; sourceTree = "<group>"; };
/* End PBXFileReference section */

/* Begin PBXFrameworksBuildPhase section */
		BE48907422351BA900B6E8BF /* Frameworks */ = {
			isa = PBXFrameworksBuildPhase;
			buildActionMask = 2147483647;
			files = (
			);
			runOnlyForDeploymentPostprocessing = 0;
		};
/* End PBXFrameworksBuildPhase section */

/* Begin PBXGroup section */
		BE48906E22351BA800B6E8BF = {
			isa = PBXGroup;
			children = (
				BE48907922351BA900B6E8BF /* swift_02 */,
				BE48907822351BA900B6E8BF /* Products */,
			);
			sourceTree = "<group>";
		};
		BE48907822351BA900B6E8BF /* Products */ = {
			isa = PBXGroup;
			children = (
				BE48907722351BA900B6E8BF /* swift_02.app */,
			);
			name = Products;
			sourceTree = "<group>";
		};
		BE48907922351BA900B6E8BF /* swift_02 */ = {
			isa = PBXGroup;
			children = (
				BE48907A22351BA900B6E8BF /* AppDelegate.swift */,
				BE48907C22351BA900B6E8BF /* ViewController.swift */,
				BE48907E22351BA900B6E8BF /* Main.storyboard */,
				BE48908122351BAB00B6E8BF /* Assets.xcassets */,
				BE48908322351BAB00B6E8BF /* LaunchScreen.storyboard */,
				BE48908622351BAB00B6E8BF /* Info.plist */,
				BE48908C223537A400B6E8BF /* myCollectionViewCell.swift */,
				BE48908D223537A400B6E8BF /* myCollectionViewCell.xib */,
			);
			path = swift_02;
			sourceTree = "<group>";
		};
/* End PBXGroup section */

/* Begin PBXNativeTarget section */
		BE48907622351BA900B6E8BF /* swift_02 */ = {
			isa = PBXNativeTarget;
			buildConfigurationList = BE48908922351BAB00B6E8BF /* Build configuration list for PBXNativeTarget "swift_02" */;
			buildPhases = (
				BE48907322351BA900B6E8BF /* Sources */,
				BE48907422351BA900B6E8BF /* Frameworks */,
				BE48907522351BA900B6E8BF /* Resources */,
			);
			buildRules = (
			);
			dependencies = (
			);
			name = swift_02;
			productName = swift_02;
			productReference = BE48907722351BA900B6E8BF /* swift_02.app */;
			productType = "com.apple.product-type.application";
		};
/* End PBXNativeTarget section */

/* Begin PBXProject section */
		BE48906F22351BA800B6E8BF /* Project object */ = {
			isa = PBXProject;
			attributes = {
				LastSwiftUpdateCheck = 1010;
				LastUpgradeCheck = 1010;
				ORGANIZATIONNAME = NTW;
				TargetAttributes = {
					BE48907622351BA900B6E8BF = {
						CreatedOnToolsVersion = 10.1;
					};
				};
			};
			buildConfigurationList = BE48907222351BA800B6E8BF /* Build configuration list for PBXProject "swift_02" */;
			compatibilityVersion = "Xcode 9.3";
			developmentRegion = en;
			hasScannedForEncodings = 0;
			knownRegions = (
				en,
				Base,
			);
			mainGroup = BE48906E22351BA800B6E8BF;
			productRefGroup = BE48907822351BA900B6E8BF /* Products */;
			projectDirPath = "";
			projectRoot = "";
			targets = (
				BE48907622351BA900B6E8BF /* swift_02 */,
			);
		};
/* End PBXProject section */

/* Begin PBXResourcesBuildPhase section */
		BE48907522351BA900B6E8BF /* Resources */ = {
			isa = PBXResourcesBuildPhase;
			buildActionMask = 2147483647;
			files = (
				BE48908522351BAB00B6E8BF /* LaunchScreen.storyboard in Resources */,
				BE48908222351BAB00B6E8BF /* Assets.xcassets in Resources */,
				BE48908F223537A400B6E8BF /* myCollectionViewCell.xib in Resources */,
				BE48908022351BA900B6E8BF /* Main.storyboard in Resources */,
			);
			runOnlyForDeploymentPostprocessing = 0;
		};
/* End PBXResourcesBuildPhase section */

/* Begin PBXSourcesBuildPhase section */
		BE48907322351BA900B6E8BF /* Sources */ = {
			isa = PBXSourcesBuildPhase;
			buildActionMask = 2147483647;
			files = (
				BE48908E223537A400B6E8BF /* myCollectionViewCell.swift in Sources */,
				BE48907D22351BA900B6E8BF /* ViewController.swift in Sources */,
				BE48907B22351BA900B6E8BF /* AppDelegate.swift in Sources */,
			);
			runOnlyForDeploymentPostprocessing = 0;
		};
/* End PBXSourcesBuildPhase section */

/* Begin PBXVariantGroup section */
		BE48907E22351BA900B6E8BF /* Main.storyboard */ = {
			isa = PBXVariantGroup;
			children = (
				BE48907F22351BA900B6E8BF /* Base */,
			);
			name = Main.storyboard;
			sourceTree = "<group>";
		};
		BE48908322351BAB00B6E8BF /* LaunchScreen.storyboard */ = {
			isa = PBXVariantGroup;
			children = (
				BE48908422351BAB00B6E8BF /* Base */,
			);
			name = LaunchScreen.storyboard;
			sourceTree = "<group>";
		};
/* End PBXVariantGroup section */

/* Begin XCBuildConfiguration section */
		BE48908722351BAB00B6E8BF /* Debug */ = {
			isa = XCBuildConfiguration;
			buildSettings = {
				ALWAYS_SEARCH_USER_PATHS = NO;
				CLANG_ANALYZER_NONNULL = YES;
				CLANG_ANALYZER_NUMBER_OBJECT_CONVERSION = YES_AGGRESSIVE;
				CLANG_CXX_LANGUAGE_STANDARD = "gnu++14";
				CLANG_CXX_LIBRARY = "libc++";
				CLANG_ENABLE_MODULES = YES;
				CLANG_ENABLE_OBJC_ARC = YES;
				CLANG_ENABLE_OBJC_WEAK = YES;
				CLANG_WARN_BLOCK_CAPTURE_AUTORELEASING = YES;
				CLANG_WARN_BOOL_CONVERSION = YES;
				CLANG_WARN_COMMA = YES;
				CLANG_WARN_CONSTANT_CONVERSION = YES;
				CLANG_WARN_DEPRECATED_OBJC_IMPLEMENTATIONS = YES;
				CLANG_WARN_DIRECT_OBJC_ISA_USAGE = YES_ERROR;
				CLANG_WARN_DOCUMENTATION_COMMENTS = YES;
				CLANG_WARN_EMPTY_BODY = YES;
				CLANG_WARN_ENUM_CONVERSION = YES;
				CLANG_WARN_INFINITE_RECURSION = YES;
				CLANG_WARN_INT_CONVERSION = YES;
				CLANG_WARN_NON_LITERAL_NULL_CONVERSION = YES;
				CLANG_WARN_OBJC_IMPLICIT_RETAIN_SELF = YES;
				CLANG_WARN_OBJC_LITERAL_CONVERSION = YES;
				CLANG_WARN_OBJC_ROOT_CLASS = YES_ERROR;
				CLANG_WARN_RANGE_LOOP_ANALYSIS = YES;
				CLANG_WARN_STRICT_PROTOTYPES = YES;
				CLANG_WARN_SUSPICIOUS_MOVE = YES;
				CLANG_WARN_UNGUARDED_AVAILABILITY = YES_AGGRESSIVE;
				CLANG_WARN_UNREACHABLE_CODE = YES;
				CLANG_WARN__DUPLICATE_METHOD_MATCH = YES;
				CODE_SIGN_IDENTITY = "iPhone Developer";
				COPY_PHASE_STRIP = NO;
				DEBUG_INFORMATION_FORMAT = dwarf;
				ENABLE_STRICT_OBJC_MSGSEND = YES;
				ENABLE_TESTABILITY = YES;
				GCC_C_LANGUAGE_STANDARD = gnu11;
				GCC_DYNAMIC_NO_PIC = NO;
				GCC_NO_COMMON_BLOCKS = YES;
				GCC_OPTIMIZATION_LEVEL = 0;
				GCC_PREPROCESSOR_DEFINITIONS = (
					"DEBUG=1",
					"$(inherited)",
				);
				GCC_WARN_64_TO_32_BIT_CONVERSION = YES;
				GCC_WARN_ABOUT_RETURN_TYPE = YES_ERROR;
				GCC_WARN_UNDECLARED_SELECTOR = YES;
				GCC_WARN_UNINITIALIZED_AUTOS = YES_AGGRESSIVE;
				GCC_WARN_UNUSED_FUNCTION = YES;
				GCC_WARN_UNUSED_VARIABLE = YES;
				IPHONEOS_DEPLOYMENT_TARGET = 12.1;
				MTL_ENABLE_DEBUG_INFO = INCLUDE_SOURCE;
				MTL_FAST_MATH = YES;
				ONLY_ACTIVE_ARCH = YES;
				SDKROOT = iphoneos;
				SWIFT_ACTIVE_COMPILATION_CONDITIONS = DEBUG;
				SWIFT_OPTIMIZATION_LEVEL = "-Onone";
			};
			name = Debug;
		};
		BE48908822351BAB00B6E8BF /* Release */ = {
			isa = XCBuildConfiguration;
			buildSettings = {
				ALWAYS_SEARCH_USER_PATHS = NO;
				CLANG_ANALYZER_NONNULL = YES;
				CLANG_ANALYZER_NUMBER_OBJECT_CONVERSION = YES_AGGRESSIVE;
				CLANG_CXX_LANGUAGE_STANDARD = "gnu++14";
				CLANG_CXX_LIBRARY = "libc++";
				CLANG_ENABLE_MODULES = YES;
				CLANG_ENABLE_OBJC_ARC = YES;
				CLANG_ENABLE_OBJC_WEAK = YES;
				CLANG_WARN_BLOCK_CAPTURE_AUTORELEASING = YES;
				CLANG_WARN_BOOL_CONVERSION = YES;
				CLANG_WARN_COMMA = YES;
				CLANG_WARN_CONSTANT_CONVERSION = YES;
				CLANG_WARN_DEPRECATED_OBJC_IMPLEMENTATIONS = YES;
				CLANG_WARN_DIRECT_OBJC_ISA_USAGE = YES_ERROR;
				CLANG_WARN_DOCUMENTATION_COMMENTS = YES;
				CLANG_WARN_EMPTY_BODY = YES;
				CLANG_WARN_ENUM_CONVERSION = YES;
				CLANG_WARN_INFINITE_RECURSION = YES;
				CLANG_WARN_INT_CONVERSION = YES;
				CLANG_WARN_NON_LITERAL_NULL_CONVERSION = YES;
				CLANG_WARN_OBJC_IMPLICIT_RETAIN_SELF = YES;
				CLANG_WARN_OBJC_LITERAL_CONVERSION = YES;
				CLANG_WARN_OBJC_ROOT_CLASS = YES_ERROR;
				CLANG_WARN_RANGE_LOOP_ANALYSIS = YES;
				CLANG_WARN_STRICT_PROTOTYPES = YES;
				CLANG_WARN_SUSPICIOUS_MOVE = YES;
				CLANG_WARN_UNGUARDED_AVAILABILITY = YES_AGGRESSIVE;
				CLANG_WARN_UNREACHABLE_CODE = YES;
				CLANG_WARN__DUPLICATE_METHOD_MATCH = YES;
				CODE_SIGN_IDENTITY = "iPhone Developer";
				COPY_PHASE_STRIP = NO;
				DEBUG_INFORMATION_FORMAT = "dwarf-with-dsym";
				ENABLE_NS_ASSERTIONS = NO;
				ENABLE_STRICT_OBJC_MSGSEND = YES;
				GCC_C_LANGUAGE_STANDARD = gnu11;
				GCC_NO_COMMON_BLOCKS = YES;
				GCC_WARN_64_TO_32_BIT_CONVERSION = YES;
				GCC_WARN_ABOUT_RETURN_TYPE = YES_ERROR;
				GCC_WARN_UNDECLARED_SELECTOR = YES;
				GCC_WARN_UNINITIALIZED_AUTOS = YES_AGGRESSIVE;
				GCC_WARN_UNUSED_FUNCTION = YES;
				GCC_WARN_UNUSED_VARIABLE = YES;
				IPHONEOS_DEPLOYMENT_TARGET = 12.1;
				MTL_ENABLE_DEBUG_INFO = NO;
				MTL_FAST_MATH = YES;
				SDKROOT = iphoneos;
				SWIFT_COMPILATION_MODE = wholemodule;
				SWIFT_OPTIMIZATION_LEVEL = "-O";
				VALIDATE_PRODUCT = YES;
			};
			name = Release;
		};
		BE48908A22351BAB00B6E8BF /* Debug */ = {
			isa = XCBuildConfiguration;
			buildSettings = {
				ASSETCATALOG_COMPILER_APPICON_NAME = AppIcon;
				CODE_SIGN_STYLE = Automatic;
				DEVELOPMENT_TEAM = "";
				INFOPLIST_FILE = swift_02/Info.plist;
				LD_RUNPATH_SEARCH_PATHS = (
					"$(inherited)",
					"@executable_path/Frameworks",
				);
				PRODUCT_BUNDLE_IDENTIFIER = "NTW.swift-02";
				PRODUCT_NAME = "$(TARGET_NAME)";
				SWIFT_VERSION = 4.2;
				TARGETED_DEVICE_FAMILY = "1,2";
			};
			name = Debug;
		};
		BE48908B22351BAB00B6E8BF /* Release */ = {
			isa = XCBuildConfiguration;
			buildSettings = {
				ASSETCATALOG_COMPILER_APPICON_NAME = AppIcon;
				CODE_SIGN_STYLE = Automatic;
				DEVELOPMENT_TEAM = "";
				INFOPLIST_FILE = swift_02/Info.plist;
				LD_RUNPATH_SEARCH_PATHS = (
					"$(inherited)",
					"@executable_path/Frameworks",
				);
				PRODUCT_BUNDLE_IDENTIFIER = "NTW.swift-02";
				PRODUCT_NAME = "$(TARGET_NAME)";
				SWIFT_VERSION = 4.2;
				TARGETED_DEVICE_FAMILY = "1,2";
			};
			name = Release;
		};
/* End XCBuildConfiguration section */

/* Begin XCConfigurationList section */
		BE48907222351BA800B6E8BF /* Build configuration list for PBXProject "swift_02" */ = {
			isa = XCConfigurationList;
			buildConfigurations = (
				BE48908722351BAB00B6E8BF /* Debug */,
				BE48908822351BAB00B6E8BF /* Release */,
			);
			defaultConfigurationIsVisible = 0;
			defaultConfigurationName = Release;
		};
		BE48908922351BAB00B6E8BF /* Build configuration list for PBXNativeTarget "swift_02" */ = {
			isa = XCConfigurationList;
			buildConfigurations = (
				BE48908A22351BAB00B6E8BF /* Debug */,
				BE48908B22351BAB00B6E8BF /* Release */,
			);
			defaultConfigurationIsVisible = 0;
			defaultConfigurationName = Release;
		};
/* End XCConfigurationList section */
	};
	rootObject = BE48906F22351BA800B6E8BF /* Project object */;
}
